
Microsoft Visual Studio Solution File, Format Version 12.00
# Visual Studio 2013
VisualStudioVersion = 12.0.31101.0
MinimumVisualStudioVersion = 10.0.40219.1
Project("{FAE04EC0-301F-11D3-BF4B-00C04F79EFBC}") = "IsingModern", "IsingModern\IsingModern.csproj", "{869D17F7-5702-4148-9465-F1AA4644A8DB}"
EndProject
Global
	GlobalSection(SolutionConfigurationPlatforms) = preSolution
		Debug|Any CPU = Debug|Any CPU
		Debug|x64 = Debug|x64
		Release|Any CPU = Release|Any CPU
		Release|x64 = Release|x64
	EndGlobalSection
	GlobalSection(ProjectConfigurationPlatforms) = postSolution
		{869D17F7-5702-4148-9465-F1AA4644A8DB}.Debug|Any CPU.ActiveCfg = Debug|Any CPU
		{869D17F7-5702-4148-9465-F1AA4644A8DB}.Debug|Any CPU.Build.0 = Debug|Any CPU
		{869D17F7-5702-4148-9465-F1AA4644A8DB}.Debug|x64.ActiveCfg = Debug|x64
		{869D17F7-5702-4148-9465-F1AA4644A8DB}.Debug|x64.Build.0 = Debug|x64
		{869D17F7-5702-4148-9465-F1AA4644A8DB}.Release|Any CPU.ActiveCfg = Release|Any CPU
		{869D17F7-5702-4148-9465-F1AA4644A8DB}.Release|Any CPU.Build.0 = Release|Any CPU
		{869D17F7-5702-4148-9465-F1AA4644A8DB}.Release|x64.ActiveCfg = Release|x64
		{869D17F7-5702-4148-9465-F1AA4644A8DB}.Release|x64.Build.0 = Release|x64
	EndGlobalSection
	GlobalSection(SolutionProperties) = preSolution
		HideSolutionNode = FALSE
	EndGlobalSection
EndGlobal
